
Microsoft Visual Studio Solution File, Format Version 12.00
# Visual Studio Version 17
VisualStudioVersion = 17.0.31903.59
MinimumVisualStudioVersion = 10.0.40219.1
Project("{FAE04EC0-301F-11D3-BF4B-00C04F79EFBC}") = "AmigoSecreto.Api", "AmigoSecreto.Api\AmigoSecreto.Api.csproj", "{986D7D5E-F1C9-43FF-A65A-BD08F7642724}"
EndProject
Project("{FAE04EC0-301F-11D3-BF4B-00C04F79EFBC}") = "AmigoSecreto.Application", "AmigoSecreto.Application\AmigoSecreto.Application.csproj", "{FDFAC67D-FC26-4D1C-B7E4-BE33CF096194}"
EndProject
Project("{FAE04EC0-301F-11D3-BF4B-00C04F79EFBC}") = "AmigoSecreto.Contracts", "AmigoSecreto.Contracts\AmigoSecreto.Contracts.csproj", "{F0FC848A-F994-4FCD-87E4-51EA5BFCEF52}"
EndProject
Project("{FAE04EC0-301F-11D3-BF4B-00C04F79EFBC}") = "AmigoSecreto.Domain", "AmigoSecreto.Domain\AmigoSecreto.Domain.csproj", "{DCD8051D-77B1-4C59-9D92-19B3DDE20C1D}"
EndProject
Project("{FAE04EC0-301F-11D3-BF4B-00C04F79EFBC}") = "AmigoSecreto.Infrastructure", "AmigoSecreto.Infrastructure\AmigoSecreto.Infrastructure.csproj", "{29CD5D60-18FD-4FBB-A4BA-486B26E43730}"
EndProject
Project("{FAE04EC0-301F-11D3-BF4B-00C04F79EFBC}") = "AmigoSecreto.Tests", "AmigoSecreto.Tests\AmigoSecreto.Tests.csproj", "{457DEBD4-873C-46A3-962A-2C372EF6022E}"
EndProject
Global
	GlobalSection(SolutionConfigurationPlatforms) = preSolution
		Debug|Any CPU = Debug|Any CPU
		Release|Any CPU = Release|Any CPU
	EndGlobalSection
	GlobalSection(SolutionProperties) = preSolution
		HideSolutionNode = FALSE
	EndGlobalSection
	GlobalSection(ProjectConfigurationPlatforms) = postSolution
		{986D7D5E-F1C9-43FF-A65A-BD08F7642724}.Debug|Any CPU.ActiveCfg = Debug|Any CPU
		{986D7D5E-F1C9-43FF-A65A-BD08F7642724}.Debug|Any CPU.Build.0 = Debug|Any CPU
		{986D7D5E-F1C9-43FF-A65A-BD08F7642724}.Release|Any CPU.ActiveCfg = Release|Any CPU
		{986D7D5E-F1C9-43FF-A65A-BD08F7642724}.Release|Any CPU.Build.0 = Release|Any CPU
		{FDFAC67D-FC26-4D1C-B7E4-BE33CF096194}.Debug|Any CPU.ActiveCfg = Debug|Any CPU
		{FDFAC67D-FC26-4D1C-B7E4-BE33CF096194}.Debug|Any CPU.Build.0 = Debug|Any CPU
		{FDFAC67D-FC26-4D1C-B7E4-BE33CF096194}.Release|Any CPU.ActiveCfg = Release|Any CPU
		{FDFAC67D-FC26-4D1C-B7E4-BE33CF096194}.Release|Any CPU.Build.0 = Release|Any CPU
		{F0FC848A-F994-4FCD-87E4-51EA5BFCEF52}.Debug|Any CPU.ActiveCfg = Debug|Any CPU
		{F0FC848A-F994-4FCD-87E4-51EA5BFCEF52}.Debug|Any CPU.Build.0 = Debug|Any CPU
		{F0FC848A-F994-4FCD-87E4-51EA5BFCEF52}.Release|Any CPU.ActiveCfg = Release|Any CPU
		{F0FC848A-F994-4FCD-87E4-51EA5BFCEF52}.Release|Any CPU.Build.0 = Release|Any CPU
		{DCD8051D-77B1-4C59-9D92-19B3DDE20C1D}.Debug|Any CPU.ActiveCfg = Debug|Any CPU
		{DCD8051D-77B1-4C59-9D92-19B3DDE20C1D}.Debug|Any CPU.Build.0 = Debug|Any CPU
		{DCD8051D-77B1-4C59-9D92-19B3DDE20C1D}.Release|Any CPU.ActiveCfg = Release|Any CPU
		{DCD8051D-77B1-4C59-9D92-19B3DDE20C1D}.Release|Any CPU.Build.0 = Release|Any CPU
		{29CD5D60-18FD-4FBB-A4BA-486B26E43730}.Debug|Any CPU.ActiveCfg = Debug|Any CPU
		{29CD5D60-18FD-4FBB-A4BA-486B26E43730}.Debug|Any CPU.Build.0 = Debug|Any CPU
		{29CD5D60-18FD-4FBB-A4BA-486B26E43730}.Release|Any CPU.ActiveCfg = Release|Any CPU
		{29CD5D60-18FD-4FBB-A4BA-486B26E43730}.Release|Any CPU.Build.0 = Release|Any CPU
		{457DEBD4-873C-46A3-962A-2C372EF6022E}.Debug|Any CPU.ActiveCfg = Debug|Any CPU
		{457DEBD4-873C-46A3-962A-2C372EF6022E}.Debug|Any CPU.Build.0 = Debug|Any CPU
		{457DEBD4-873C-46A3-962A-2C372EF6022E}.Release|Any CPU.ActiveCfg = Release|Any CPU
		{457DEBD4-873C-46A3-962A-2C372EF6022E}.Release|Any CPU.Build.0 = Release|Any CPU
	EndGlobalSection
EndGlobal
